
Microsoft Visual Studio Solution File, Format Version 12.00
Project("{FAE04EC0-301F-11D3-BF4B-00C04F79EFBC}") = "PptSecrets", "PptSecrets\PptSecrets.csproj", "{C31DECA5-089D-4EAE-9F9E-DEC338CD63CC}"
EndProject
Project("{FAE04EC0-301F-11D3-BF4B-00C04F79EFBC}") = "PptSecrets.DataAccess", "PptSecrets.DataAccess\PptSecrets.DataAccess.csproj", "{24C1BBE7-9C85-41B4-B5C2-023F7EA651D9}"
EndProject
Project("{FAE04EC0-301F-11D3-BF4B-00C04F79EFBC}") = "PptSecrets.Core", "PptSecrets.Core\PptSecrets.Core.csproj", "{666EC68C-C6B7-425A-A24E-13AE64EBFB3B}"
EndProject
Global
	GlobalSection(SolutionConfigurationPlatforms) = preSolution
		Debug|Any CPU = Debug|Any CPU
		Release|Any CPU = Release|Any CPU
	EndGlobalSection
	GlobalSection(ProjectConfigurationPlatforms) = postSolution
		{C31DECA5-089D-4EAE-9F9E-DEC338CD63CC}.Debug|Any CPU.ActiveCfg = Debug|Any CPU
		{C31DECA5-089D-4EAE-9F9E-DEC338CD63CC}.Debug|Any CPU.Build.0 = Debug|Any CPU
		{C31DECA5-089D-4EAE-9F9E-DEC338CD63CC}.Release|Any CPU.ActiveCfg = Release|Any CPU
		{C31DECA5-089D-4EAE-9F9E-DEC338CD63CC}.Release|Any CPU.Build.0 = Release|Any CPU
		{24C1BBE7-9C85-41B4-B5C2-023F7EA651D9}.Debug|Any CPU.ActiveCfg = Debug|Any CPU
		{24C1BBE7-9C85-41B4-B5C2-023F7EA651D9}.Debug|Any CPU.Build.0 = Debug|Any CPU
		{24C1BBE7-9C85-41B4-B5C2-023F7EA651D9}.Release|Any CPU.ActiveCfg = Release|Any CPU
		{24C1BBE7-9C85-41B4-B5C2-023F7EA651D9}.Release|Any CPU.Build.0 = Release|Any CPU
		{666EC68C-C6B7-425A-A24E-13AE64EBFB3B}.Debug|Any CPU.ActiveCfg = Debug|Any CPU
		{666EC68C-C6B7-425A-A24E-13AE64EBFB3B}.Debug|Any CPU.Build.0 = Debug|Any CPU
		{666EC68C-C6B7-425A-A24E-13AE64EBFB3B}.Release|Any CPU.ActiveCfg = Release|Any CPU
		{666EC68C-C6B7-425A-A24E-13AE64EBFB3B}.Release|Any CPU.Build.0 = Release|Any CPU
	EndGlobalSection
EndGlobal
